# This file is autogenerated, do not edit; changes may be undone by the next 'dep ensure'.


[[projects]]
  branch = "master"
  name = "github.com/sirupsen/logrus"
  packages = [
    ".",
    "hooks/syslog"
  ]
  revision = "8c0189d9f6bbf301e5d055d34268156b317016af"

[[projects]]
  branch = "master"
  name = "golang.org/x/crypto"
  packages = [
    "pbkdf2",
    "ssh/terminal"
  ]
  revision = "a6600008915114d9c087fad9f03d75087b1a74df"
  source = "github.com/golang/crypto"

[[projects]]
  branch = "master"
  name = "golang.org/x/net"
  packages = ["websocket"]
  revision = "5ccada7d0a7ba9aeb5d3aca8d3501b4c2a509fec"
  source = "github.com/golang/net"

[[projects]]
  branch = "master"
  name = "golang.org/x/sys"
  packages = [
    "unix",
    "windows"
  ]
  revision = "37707fdb30a5b38865cfb95e5aab41707daec7fd"
  source = "github.com/golang/sys"

[solve-meta]
  analyzer-name = "dep"
  analyzer-version = 1
  inputs-digest = "116f59086a8c9b5a451e7a9dcf70ccea104f36a4a710c0254f3c50ea5c2ca4ef"
  solver-name = "gps-cdcl"
  solver-version = 1
