# This file is autogenerated, do not edit; changes may be undone by the next 'dep ensure'.


[[projects]]
  name = "github.com/pelletier/go-toml"
  packages = ["."]
  revision = "acdc4509485b587f5e675510c4f2c63e90ff68a8"
  version = "v1.1.0"

[[projects]]
  branch = "master"
  name = "golang.org/x/crypto"
  packages = ["pbkdf2"]
  revision = "a6600008915114d9c087fad9f03d75087b1a74df"
  source = "github.com/golang/crypto"

[[projects]]
  branch = "master"
  name = "golang.org/x/net"
  packages = ["websocket"]
  revision = "5ccada7d0a7ba9aeb5d3aca8d3501b4c2a509fec"
  source = "github.com/golang/net"

[solve-meta]
  analyzer-name = "dep"
  analyzer-version = 1
  inputs-digest = "0a65e6e41faea25cb64ce413239f40d4c504b2560145614b3cb2dbb737e2288b"
  solver-name = "gps-cdcl"
  solver-version = 1
